
Microsoft Visual Studio Solution File, Format Version 12.00
Project("{FAE04EC0-301F-11D3-BF4B-00C04F79EFBC}") = "MemoryScreen", "MemoryScreen\MemoryScreen.csproj", "{7A1C4D0D-85B8-420A-9442-DF5532D5C91F}"
EndProject
Project("{FAE04EC0-301F-11D3-BF4B-00C04F79EFBC}") = "MemoryScreen.Tests", "MemoryScreen.Tests\MemoryScreen.Tests.csproj", "{5B6AD990-DB4F-4963-AAAE-621C11F69225}"
EndProject
Global
	GlobalSection(SolutionConfigurationPlatforms) = preSolution
		Debug|Any CPU = Debug|Any CPU
		Release|Any CPU = Release|Any CPU
	EndGlobalSection
	GlobalSection(ProjectConfigurationPlatforms) = postSolution
		{7A1C4D0D-85B8-420A-9442-DF5532D5C91F}.Debug|Any CPU.ActiveCfg = Debug|Any CPU
		{7A1C4D0D-85B8-420A-9442-DF5532D5C91F}.Debug|Any CPU.Build.0 = Debug|Any CPU
		{7A1C4D0D-85B8-420A-9442-DF5532D5C91F}.Release|Any CPU.ActiveCfg = Release|Any CPU
		{7A1C4D0D-85B8-420A-9442-DF5532D5C91F}.Release|Any CPU.Build.0 = Release|Any CPU
		{5B6AD990-DB4F-4963-AAAE-621C11F69225}.Debug|Any CPU.ActiveCfg = Debug|Any CPU
		{5B6AD990-DB4F-4963-AAAE-621C11F69225}.Debug|Any CPU.Build.0 = Debug|Any CPU
		{5B6AD990-DB4F-4963-AAAE-621C11F69225}.Release|Any CPU.ActiveCfg = Release|Any CPU
		{5B6AD990-DB4F-4963-AAAE-621C11F69225}.Release|Any CPU.Build.0 = Release|Any CPU
	EndGlobalSection
EndGlobal
